
Microsoft Visual Studio Solution File, Format Version 12.00
# Visual Studio Version 17
VisualStudioVersion = 17.2.32516.85
MinimumVisualStudioVersion = 10.0.40219.1
Project("{2150E333-8FDC-42A3-9474-1A3956D46DE8}") = "Src", "Src", "{541F4AE3-463D-4755-BC58-E2EC0DFCE6AA}"
EndProject
Project("{2150E333-8FDC-42A3-9474-1A3956D46DE8}") = "API", "API", "{59C2F6A2-C23C-4C41-A498-810972415479}"
EndProject
Project("{2150E333-8FDC-42A3-9474-1A3956D46DE8}") = "Application", "Application", "{84A2BDB3-4905-4C76-A8EC-29C5DC54B8A4}"
EndProject
Project("{2150E333-8FDC-42A3-9474-1A3956D46DE8}") = "Domain", "Domain", "{60317460-F83A-457F-AB84-5DC405B89B51}"
EndProject
Project("{2150E333-8FDC-42A3-9474-1A3956D46DE8}") = "Infrastructure", "Infrastructure", "{2CA4F2E7-E5B7-455B-ACA2-F0495E7FA6F7}"
EndProject
Project("{9A19103F-16F7-4668-BE54-9A1E7A4F7556}") = "HwStore.Idntity", "HwStore.Idntity\HwStore.Idntity.csproj", "{2AFEB4DC-9807-4555-B235-247A5E902511}"
EndProject
Project("{9A19103F-16F7-4668-BE54-9A1E7A4F7556}") = "HwStore.Persistence", "HwStore.Persistence\HwStore.Persistence.csproj", "{87AA6488-B8BC-43FC-998F-929487A6F967}"
EndProject
Project("{9A19103F-16F7-4668-BE54-9A1E7A4F7556}") = "HwStore.Api", "HwStore.Api\HwStore.Api.csproj", "{513B273D-EF62-418A-813B-1CCBB87693BE}"
EndProject
Project("{9A19103F-16F7-4668-BE54-9A1E7A4F7556}") = "HwStore.Application", "HwStore.Application\HwStore.Application.csproj", "{0C2A0DFE-A547-45D8-B5C9-0C01E7C4D090}"
EndProject
Project("{9A19103F-16F7-4668-BE54-9A1E7A4F7556}") = "HwStore.Domain", "HwStore.Domain\HwStore.Domain.csproj", "{133E7939-9FD7-4FEE-94D9-859BE51CA8B7}"
EndProject
Global
	GlobalSection(SolutionConfigurationPlatforms) = preSolution
		Debug|Any CPU = Debug|Any CPU
		Release|Any CPU = Release|Any CPU
	EndGlobalSection
	GlobalSection(ProjectConfigurationPlatforms) = postSolution
		{2AFEB4DC-9807-4555-B235-247A5E902511}.Debug|Any CPU.ActiveCfg = Debug|Any CPU
		{2AFEB4DC-9807-4555-B235-247A5E902511}.Debug|Any CPU.Build.0 = Debug|Any CPU
		{2AFEB4DC-9807-4555-B235-247A5E902511}.Release|Any CPU.ActiveCfg = Release|Any CPU
		{2AFEB4DC-9807-4555-B235-247A5E902511}.Release|Any CPU.Build.0 = Release|Any CPU
		{87AA6488-B8BC-43FC-998F-929487A6F967}.Debug|Any CPU.ActiveCfg = Debug|Any CPU
		{87AA6488-B8BC-43FC-998F-929487A6F967}.Debug|Any CPU.Build.0 = Debug|Any CPU
		{87AA6488-B8BC-43FC-998F-929487A6F967}.Release|Any CPU.ActiveCfg = Release|Any CPU
		{87AA6488-B8BC-43FC-998F-929487A6F967}.Release|Any CPU.Build.0 = Release|Any CPU
		{513B273D-EF62-418A-813B-1CCBB87693BE}.Debug|Any CPU.ActiveCfg = Debug|Any CPU
		{513B273D-EF62-418A-813B-1CCBB87693BE}.Debug|Any CPU.Build.0 = Debug|Any CPU
		{513B273D-EF62-418A-813B-1CCBB87693BE}.Release|Any CPU.ActiveCfg = Release|Any CPU
		{513B273D-EF62-418A-813B-1CCBB87693BE}.Release|Any CPU.Build.0 = Release|Any CPU
		{0C2A0DFE-A547-45D8-B5C9-0C01E7C4D090}.Debug|Any CPU.ActiveCfg = Debug|Any CPU
		{0C2A0DFE-A547-45D8-B5C9-0C01E7C4D090}.Debug|Any CPU.Build.0 = Debug|Any CPU
		{0C2A0DFE-A547-45D8-B5C9-0C01E7C4D090}.Release|Any CPU.ActiveCfg = Release|Any CPU
		{0C2A0DFE-A547-45D8-B5C9-0C01E7C4D090}.Release|Any CPU.Build.0 = Release|Any CPU
		{133E7939-9FD7-4FEE-94D9-859BE51CA8B7}.Debug|Any CPU.ActiveCfg = Debug|Any CPU
		{133E7939-9FD7-4FEE-94D9-859BE51CA8B7}.Debug|Any CPU.Build.0 = Debug|Any CPU
		{133E7939-9FD7-4FEE-94D9-859BE51CA8B7}.Release|Any CPU.ActiveCfg = Release|Any CPU
		{133E7939-9FD7-4FEE-94D9-859BE51CA8B7}.Release|Any CPU.Build.0 = Release|Any CPU
	EndGlobalSection
	GlobalSection(SolutionProperties) = preSolution
		HideSolutionNode = FALSE
	EndGlobalSection
	GlobalSection(NestedProjects) = preSolution
		{59C2F6A2-C23C-4C41-A498-810972415479} = {541F4AE3-463D-4755-BC58-E2EC0DFCE6AA}
		{84A2BDB3-4905-4C76-A8EC-29C5DC54B8A4} = {541F4AE3-463D-4755-BC58-E2EC0DFCE6AA}
		{60317460-F83A-457F-AB84-5DC405B89B51} = {541F4AE3-463D-4755-BC58-E2EC0DFCE6AA}
		{2CA4F2E7-E5B7-455B-ACA2-F0495E7FA6F7} = {541F4AE3-463D-4755-BC58-E2EC0DFCE6AA}
		{2AFEB4DC-9807-4555-B235-247A5E902511} = {2CA4F2E7-E5B7-455B-ACA2-F0495E7FA6F7}
		{87AA6488-B8BC-43FC-998F-929487A6F967} = {2CA4F2E7-E5B7-455B-ACA2-F0495E7FA6F7}
		{513B273D-EF62-418A-813B-1CCBB87693BE} = {59C2F6A2-C23C-4C41-A498-810972415479}
		{0C2A0DFE-A547-45D8-B5C9-0C01E7C4D090} = {84A2BDB3-4905-4C76-A8EC-29C5DC54B8A4}
		{133E7939-9FD7-4FEE-94D9-859BE51CA8B7} = {60317460-F83A-457F-AB84-5DC405B89B51}
	EndGlobalSection
	GlobalSection(ExtensibilityGlobals) = postSolution
		SolutionGuid = {A55B5BB7-0A0E-4291-A2E5-78741E9BEDBC}
	EndGlobalSection
EndGlobal
